
Microsoft Visual Studio Solution File, Format Version 12.00
# Visual Studio Version 16
VisualStudioVersion = 16.0.30611.23
MinimumVisualStudioVersion = 10.0.40219.1
Project("{8BC9CEB8-8B4A-11D0-8D11-00A0C91BC942}") = "Fencing and Paving", "Assignment 7\Assignment 7.vcxproj", "{98A866AC-9EBA-4944-A945-308BB08BCBD6}"
EndProject
Project("{8BC9CEB8-8B4A-11D0-8D11-00A0C91BC942}") = "connect_four", "connect_four\connect_four.vcxproj", "{88EB2AA6-0CCD-4578-BDF0-CDB52290908B}"
EndProject
Project("{8BC9CEB8-8B4A-11D0-8D11-00A0C91BC942}") = "Corrected A6 Q1", "Corrected A6 Q1\Corrected A6 Q1.vcxproj", "{B9089EB5-7098-4734-BFBF-8D6E3243F69C}"
EndProject
Global
	GlobalSection(SolutionConfigurationPlatforms) = preSolution
		Debug|x64 = Debug|x64
		Debug|x86 = Debug|x86
		Release|x64 = Release|x64
		Release|x86 = Release|x86
	EndGlobalSection
	GlobalSection(ProjectConfigurationPlatforms) = postSolution
		{98A866AC-9EBA-4944-A945-308BB08BCBD6}.Debug|x64.ActiveCfg = Debug|x64
		{98A866AC-9EBA-4944-A945-308BB08BCBD6}.Debug|x64.Build.0 = Debug|x64
		{98A866AC-9EBA-4944-A945-308BB08BCBD6}.Debug|x86.ActiveCfg = Debug|Win32
		{98A866AC-9EBA-4944-A945-308BB08BCBD6}.Debug|x86.Build.0 = Debug|Win32
		{98A866AC-9EBA-4944-A945-308BB08BCBD6}.Release|x64.ActiveCfg = Release|x64
		{98A866AC-9EBA-4944-A945-308BB08BCBD6}.Release|x64.Build.0 = Release|x64
		{98A866AC-9EBA-4944-A945-308BB08BCBD6}.Release|x86.ActiveCfg = Release|Win32
		{98A866AC-9EBA-4944-A945-308BB08BCBD6}.Release|x86.Build.0 = Release|Win32
		{88EB2AA6-0CCD-4578-BDF0-CDB52290908B}.Debug|x64.ActiveCfg = Debug|x64
		{88EB2AA6-0CCD-4578-BDF0-CDB52290908B}.Debug|x64.Build.0 = Debug|x64
		{88EB2AA6-0CCD-4578-BDF0-CDB52290908B}.Debug|x86.ActiveCfg = Debug|Win32
		{88EB2AA6-0CCD-4578-BDF0-CDB52290908B}.Debug|x86.Build.0 = Debug|Win32
		{88EB2AA6-0CCD-4578-BDF0-CDB52290908B}.Release|x64.ActiveCfg = Release|x64
		{88EB2AA6-0CCD-4578-BDF0-CDB52290908B}.Release|x64.Build.0 = Release|x64
		{88EB2AA6-0CCD-4578-BDF0-CDB52290908B}.Release|x86.ActiveCfg = Release|Win32
		{88EB2AA6-0CCD-4578-BDF0-CDB52290908B}.Release|x86.Build.0 = Release|Win32
		{B9089EB5-7098-4734-BFBF-8D6E3243F69C}.Debug|x64.ActiveCfg = Debug|x64
		{B9089EB5-7098-4734-BFBF-8D6E3243F69C}.Debug|x64.Build.0 = Debug|x64
		{B9089EB5-7098-4734-BFBF-8D6E3243F69C}.Debug|x86.ActiveCfg = Debug|Win32
		{B9089EB5-7098-4734-BFBF-8D6E3243F69C}.Debug|x86.Build.0 = Debug|Win32
		{B9089EB5-7098-4734-BFBF-8D6E3243F69C}.Release|x64.ActiveCfg = Release|x64
		{B9089EB5-7098-4734-BFBF-8D6E3243F69C}.Release|x64.Build.0 = Release|x64
		{B9089EB5-7098-4734-BFBF-8D6E3243F69C}.Release|x86.ActiveCfg = Release|Win32
		{B9089EB5-7098-4734-BFBF-8D6E3243F69C}.Release|x86.Build.0 = Release|Win32
	EndGlobalSection
	GlobalSection(SolutionProperties) = preSolution
		HideSolutionNode = FALSE
	EndGlobalSection
	GlobalSection(ExtensibilityGlobals) = postSolution
		SolutionGuid = {D116D1DE-B00E-4A64-B64F-5DF9D51FA363}
	EndGlobalSection
EndGlobal
